
Microsoft Visual Studio Solution File, Format Version 12.00
# Visual Studio 15
VisualStudioVersion = 15.0.26730.15
MinimumVisualStudioVersion = 10.0.40219.1
Project("{FAE04EC0-301F-11D3-BF4B-00C04F79EFBC}") = "FTPClient", "FTPClient\FTPClient.csproj", "{73C4B065-7498-4D90-84B8-F50242F55376}"
EndProject
Project("{FAE04EC0-301F-11D3-BF4B-00C04F79EFBC}") = "FTPServer", "FTPServer\FTPServer.csproj", "{0D2101E7-CB03-44C8-B380-6B75BE9155B5}"
EndProject
Global
	GlobalSection(SolutionConfigurationPlatforms) = preSolution
		Debug|Any CPU = Debug|Any CPU
		Release|Any CPU = Release|Any CPU
	EndGlobalSection
	GlobalSection(ProjectConfigurationPlatforms) = postSolution
		{73C4B065-7498-4D90-84B8-F50242F55376}.Debug|Any CPU.ActiveCfg = Debug|Any CPU
		{73C4B065-7498-4D90-84B8-F50242F55376}.Debug|Any CPU.Build.0 = Debug|Any CPU
		{73C4B065-7498-4D90-84B8-F50242F55376}.Release|Any CPU.ActiveCfg = Release|Any CPU
		{73C4B065-7498-4D90-84B8-F50242F55376}.Release|Any CPU.Build.0 = Release|Any CPU
		{0D2101E7-CB03-44C8-B380-6B75BE9155B5}.Debug|Any CPU.ActiveCfg = Debug|Any CPU
		{0D2101E7-CB03-44C8-B380-6B75BE9155B5}.Debug|Any CPU.Build.0 = Debug|Any CPU
		{0D2101E7-CB03-44C8-B380-6B75BE9155B5}.Release|Any CPU.ActiveCfg = Release|Any CPU
		{0D2101E7-CB03-44C8-B380-6B75BE9155B5}.Release|Any CPU.Build.0 = Release|Any CPU
	EndGlobalSection
	GlobalSection(SolutionProperties) = preSolution
		HideSolutionNode = FALSE
	EndGlobalSection
	GlobalSection(ExtensibilityGlobals) = postSolution
		SolutionGuid = {202ED74A-5CC7-4CD0-A799-C86D05F930B7}
	EndGlobalSection
EndGlobal
